dependencies:
- name: postgresql
  repository: https://charts.bitnami.com/bitnami
  version: 12.5.8
- name: redis
  repository: https://charts.bitnami.com/bitnami
  version: 20.11.2
- name: minio
  repository: https://charts.bitnami.com/bitnami
  version: 15.0.5
digest: sha256:2fa85ed879db548be5521d2cb78bcad51c9e4fcfe328c149c3c472168ab73c25
generated: "2025-03-05T18:22:56.315267+05:30"
